
Microsoft Visual Studio Solution File, Format Version 12.00
# Visual Studio Version 17
VisualStudioVersion = 17.4.33205.214
MinimumVisualStudioVersion = 10.0.40219.1
Project("{9A19103F-16F7-4668-BE54-9A1E7A4F7556}") = "Composit", "Composit\Composit.csproj", "{ABF3ADD7-8E08-4F4E-872F-BFDE6DA8E10C}"
EndProject
Project("{9A19103F-16F7-4668-BE54-9A1E7A4F7556}") = "Builder1", "Builder1\Builder1.csproj", "{69CBBC8B-19C6-4E70-8DB2-FC7AD6E94D96}"
EndProject
Project("{9A19103F-16F7-4668-BE54-9A1E7A4F7556}") = "CompositeSpecification", "CompositeSpecification\CompositeSpecification.csproj", "{21B96CCC-33B0-4227-AC8E-74E4164EC701}"
EndProject
Project("{9A19103F-16F7-4668-BE54-9A1E7A4F7556}") = "CompositProduct", "CompositProduct\CompositProduct.csproj", "{D02C9B1A-DA00-4778-9895-0E4DF0E96ECE}"
EndProject
Project("{2150E333-8FDC-42A3-9474-1A3956D46DE8}") = "Composit", "Composit", "{6E12E0D6-F2B5-4971-84FA-DA2D46F33CEC}"
EndProject
Project("{2150E333-8FDC-42A3-9474-1A3956D46DE8}") = "Builder", "Builder", "{08EACD8B-27E8-4F96-8D9F-6B839820C07F}"
EndProject
Project("{9A19103F-16F7-4668-BE54-9A1E7A4F7556}") = "Builder2", "Builder2\Builder2.csproj", "{F69CD7AF-6F81-43CE-B564-113C56B341EB}"
EndProject
Project("{9A19103F-16F7-4668-BE54-9A1E7A4F7556}") = "Builder3", "Builder3\Builder3.csproj", "{73946801-A6BE-4BD8-ABE1-2F9D1FFEA317}"
EndProject
Project("{9A19103F-16F7-4668-BE54-9A1E7A4F7556}") = "Builder4_UrlBuilder", "Builder4_UrlBuilder\Builder4_UrlBuilder.csproj", "{161F5AF9-EC37-46D2-B413-9870C05F5005}"
EndProject
Project("{9A19103F-16F7-4668-BE54-9A1E7A4F7556}") = "Builder5_StepBuilder", "Builder5_StepBuilder\Builder5_StepBuilder.csproj", "{7A40E2C4-794F-494F-8763-DE8491868A81}"
EndProject
Project("{2150E333-8FDC-42A3-9474-1A3956D46DE8}") = "CompositWithBuilder", "CompositWithBuilder", "{DB9EAD6A-7557-4347-B91B-63F126977102}"
EndProject
Project("{FAE04EC0-301F-11D3-BF4B-00C04F79EFBC}") = "CompositWithBuilder01_TagHelper", "CompositWithBuilder01_TagHelper\CompositWithBuilder01_TagHelper.csproj", "{A6EC7F40-5C22-406B-B690-800B71EB6E61}"
EndProject
Project("{FAE04EC0-301F-11D3-BF4B-00C04F79EFBC}") = "CompositWithBuilder2_Sales", "CompositWithBuilder2_Sales\CompositWithBuilder2_Sales.csproj", "{44EFD552-EC31-4C91-B873-CC24A2641B96}"
EndProject
Global
	GlobalSection(SolutionConfigurationPlatforms) = preSolution
		Debug|Any CPU = Debug|Any CPU
		Release|Any CPU = Release|Any CPU
	EndGlobalSection
	GlobalSection(ProjectConfigurationPlatforms) = postSolution
		{ABF3ADD7-8E08-4F4E-872F-BFDE6DA8E10C}.Debug|Any CPU.ActiveCfg = Debug|Any CPU
		{ABF3ADD7-8E08-4F4E-872F-BFDE6DA8E10C}.Debug|Any CPU.Build.0 = Debug|Any CPU
		{ABF3ADD7-8E08-4F4E-872F-BFDE6DA8E10C}.Release|Any CPU.ActiveCfg = Release|Any CPU
		{ABF3ADD7-8E08-4F4E-872F-BFDE6DA8E10C}.Release|Any CPU.Build.0 = Release|Any CPU
		{69CBBC8B-19C6-4E70-8DB2-FC7AD6E94D96}.Debug|Any CPU.ActiveCfg = Debug|Any CPU
		{69CBBC8B-19C6-4E70-8DB2-FC7AD6E94D96}.Debug|Any CPU.Build.0 = Debug|Any CPU
		{69CBBC8B-19C6-4E70-8DB2-FC7AD6E94D96}.Release|Any CPU.ActiveCfg = Release|Any CPU
		{69CBBC8B-19C6-4E70-8DB2-FC7AD6E94D96}.Release|Any CPU.Build.0 = Release|Any CPU
		{21B96CCC-33B0-4227-AC8E-74E4164EC701}.Debug|Any CPU.ActiveCfg = Debug|Any CPU
		{21B96CCC-33B0-4227-AC8E-74E4164EC701}.Debug|Any CPU.Build.0 = Debug|Any CPU
		{21B96CCC-33B0-4227-AC8E-74E4164EC701}.Release|Any CPU.ActiveCfg = Release|Any CPU
		{21B96CCC-33B0-4227-AC8E-74E4164EC701}.Release|Any CPU.Build.0 = Release|Any CPU
		{D02C9B1A-DA00-4778-9895-0E4DF0E96ECE}.Debug|Any CPU.ActiveCfg = Debug|Any CPU
		{D02C9B1A-DA00-4778-9895-0E4DF0E96ECE}.Debug|Any CPU.Build.0 = Debug|Any CPU
		{D02C9B1A-DA00-4778-9895-0E4DF0E96ECE}.Release|Any CPU.ActiveCfg = Release|Any CPU
		{D02C9B1A-DA00-4778-9895-0E4DF0E96ECE}.Release|Any CPU.Build.0 = Release|Any CPU
		{F69CD7AF-6F81-43CE-B564-113C56B341EB}.Debug|Any CPU.ActiveCfg = Debug|Any CPU
		{F69CD7AF-6F81-43CE-B564-113C56B341EB}.Debug|Any CPU.Build.0 = Debug|Any CPU
		{F69CD7AF-6F81-43CE-B564-113C56B341EB}.Release|Any CPU.ActiveCfg = Release|Any CPU
		{F69CD7AF-6F81-43CE-B564-113C56B341EB}.Release|Any CPU.Build.0 = Release|Any CPU
		{73946801-A6BE-4BD8-ABE1-2F9D1FFEA317}.Debug|Any CPU.ActiveCfg = Debug|Any CPU
		{73946801-A6BE-4BD8-ABE1-2F9D1FFEA317}.Debug|Any CPU.Build.0 = Debug|Any CPU
		{73946801-A6BE-4BD8-ABE1-2F9D1FFEA317}.Release|Any CPU.ActiveCfg = Release|Any CPU
		{73946801-A6BE-4BD8-ABE1-2F9D1FFEA317}.Release|Any CPU.Build.0 = Release|Any CPU
		{161F5AF9-EC37-46D2-B413-9870C05F5005}.Debug|Any CPU.ActiveCfg = Debug|Any CPU
		{161F5AF9-EC37-46D2-B413-9870C05F5005}.Debug|Any CPU.Build.0 = Debug|Any CPU
		{161F5AF9-EC37-46D2-B413-9870C05F5005}.Release|Any CPU.ActiveCfg = Release|Any CPU
		{161F5AF9-EC37-46D2-B413-9870C05F5005}.Release|Any CPU.Build.0 = Release|Any CPU
		{7A40E2C4-794F-494F-8763-DE8491868A81}.Debug|Any CPU.ActiveCfg = Debug|Any CPU
		{7A40E2C4-794F-494F-8763-DE8491868A81}.Debug|Any CPU.Build.0 = Debug|Any CPU
		{7A40E2C4-794F-494F-8763-DE8491868A81}.Release|Any CPU.ActiveCfg = Release|Any CPU
		{7A40E2C4-794F-494F-8763-DE8491868A81}.Release|Any CPU.Build.0 = Release|Any CPU
		{A6EC7F40-5C22-406B-B690-800B71EB6E61}.Debug|Any CPU.ActiveCfg = Debug|Any CPU
		{A6EC7F40-5C22-406B-B690-800B71EB6E61}.Debug|Any CPU.Build.0 = Debug|Any CPU
		{A6EC7F40-5C22-406B-B690-800B71EB6E61}.Release|Any CPU.ActiveCfg = Release|Any CPU
		{A6EC7F40-5C22-406B-B690-800B71EB6E61}.Release|Any CPU.Build.0 = Release|Any CPU
		{44EFD552-EC31-4C91-B873-CC24A2641B96}.Debug|Any CPU.ActiveCfg = Debug|Any CPU
		{44EFD552-EC31-4C91-B873-CC24A2641B96}.Debug|Any CPU.Build.0 = Debug|Any CPU
		{44EFD552-EC31-4C91-B873-CC24A2641B96}.Release|Any CPU.ActiveCfg = Release|Any CPU
		{44EFD552-EC31-4C91-B873-CC24A2641B96}.Release|Any CPU.Build.0 = Release|Any CPU
	EndGlobalSection
	GlobalSection(SolutionProperties) = preSolution
		HideSolutionNode = FALSE
	EndGlobalSection
	GlobalSection(NestedProjects) = preSolution
		{ABF3ADD7-8E08-4F4E-872F-BFDE6DA8E10C} = {6E12E0D6-F2B5-4971-84FA-DA2D46F33CEC}
		{69CBBC8B-19C6-4E70-8DB2-FC7AD6E94D96} = {08EACD8B-27E8-4F96-8D9F-6B839820C07F}
		{21B96CCC-33B0-4227-AC8E-74E4164EC701} = {6E12E0D6-F2B5-4971-84FA-DA2D46F33CEC}
		{D02C9B1A-DA00-4778-9895-0E4DF0E96ECE} = {6E12E0D6-F2B5-4971-84FA-DA2D46F33CEC}
		{F69CD7AF-6F81-43CE-B564-113C56B341EB} = {08EACD8B-27E8-4F96-8D9F-6B839820C07F}
		{73946801-A6BE-4BD8-ABE1-2F9D1FFEA317} = {08EACD8B-27E8-4F96-8D9F-6B839820C07F}
		{161F5AF9-EC37-46D2-B413-9870C05F5005} = {08EACD8B-27E8-4F96-8D9F-6B839820C07F}
		{7A40E2C4-794F-494F-8763-DE8491868A81} = {08EACD8B-27E8-4F96-8D9F-6B839820C07F}
		{A6EC7F40-5C22-406B-B690-800B71EB6E61} = {DB9EAD6A-7557-4347-B91B-63F126977102}
		{44EFD552-EC31-4C91-B873-CC24A2641B96} = {DB9EAD6A-7557-4347-B91B-63F126977102}
	EndGlobalSection
	GlobalSection(ExtensibilityGlobals) = postSolution
		SolutionGuid = {C85977C8-BFA7-442F-9264-93A7BF54EE47}
	EndGlobalSection
EndGlobal
