
Microsoft Visual Studio Solution File, Format Version 12.00
# Visual Studio Version 17
VisualStudioVersion = 17.4.33205.214
MinimumVisualStudioVersion = 10.0.40219.1
Project("{9A19103F-16F7-4668-BE54-9A1E7A4F7556}") = "Composit", "Composit\Composit.csproj", "{ABF3ADD7-8E08-4F4E-872F-BFDE6DA8E10C}"
EndProject
Project("{9A19103F-16F7-4668-BE54-9A1E7A4F7556}") = "Builder1", "Builder1\Builder1.csproj", "{69CBBC8B-19C6-4E70-8DB2-FC7AD6E94D96}"
EndProject
Project("{9A19103F-16F7-4668-BE54-9A1E7A4F7556}") = "CompositeSpecification", "CompositeSpecification\CompositeSpecification.csproj", "{21B96CCC-33B0-4227-AC8E-74E4164EC701}"
EndProject
Project("{9A19103F-16F7-4668-BE54-9A1E7A4F7556}") = "CompositProduct", "CompositProduct\CompositProduct.csproj", "{D02C9B1A-DA00-4778-9895-0E4DF0E96ECE}"
EndProject
Project("{2150E333-8FDC-42A3-9474-1A3956D46DE8}") = "Composit", "Composit", "{6E12E0D6-F2B5-4971-84FA-DA2D46F33CEC}"
EndProject
Project("{2150E333-8FDC-42A3-9474-1A3956D46DE8}") = "Builder", "Builder", "{08EACD8B-27E8-4F96-8D9F-6B839820C07F}"
EndProject
Project("{FAE04EC0-301F-11D3-BF4B-00C04F79EFBC}") = "Builder2", "Builder2\Builder2.csproj", "{F69CD7AF-6F81-43CE-B564-113C56B341EB}"
EndProject
Global
	GlobalSection(SolutionConfigurationPlatforms) = preSolution
		Debug|Any CPU = Debug|Any CPU
		Release|Any CPU = Release|Any CPU
	EndGlobalSection
	GlobalSection(ProjectConfigurationPlatforms) = postSolution
		{ABF3ADD7-8E08-4F4E-872F-BFDE6DA8E10C}.Debug|Any CPU.ActiveCfg = Debug|Any CPU
		{ABF3ADD7-8E08-4F4E-872F-BFDE6DA8E10C}.Debug|Any CPU.Build.0 = Debug|Any CPU
		{ABF3ADD7-8E08-4F4E-872F-BFDE6DA8E10C}.Release|Any CPU.ActiveCfg = Release|Any CPU
		{ABF3ADD7-8E08-4F4E-872F-BFDE6DA8E10C}.Release|Any CPU.Build.0 = Release|Any CPU
		{69CBBC8B-19C6-4E70-8DB2-FC7AD6E94D96}.Debug|Any CPU.ActiveCfg = Debug|Any CPU
		{69CBBC8B-19C6-4E70-8DB2-FC7AD6E94D96}.Debug|Any CPU.Build.0 = Debug|Any CPU
		{69CBBC8B-19C6-4E70-8DB2-FC7AD6E94D96}.Release|Any CPU.ActiveCfg = Release|Any CPU
		{69CBBC8B-19C6-4E70-8DB2-FC7AD6E94D96}.Release|Any CPU.Build.0 = Release|Any CPU
		{21B96CCC-33B0-4227-AC8E-74E4164EC701}.Debug|Any CPU.ActiveCfg = Debug|Any CPU
		{21B96CCC-33B0-4227-AC8E-74E4164EC701}.Debug|Any CPU.Build.0 = Debug|Any CPU
		{21B96CCC-33B0-4227-AC8E-74E4164EC701}.Release|Any CPU.ActiveCfg = Release|Any CPU
		{21B96CCC-33B0-4227-AC8E-74E4164EC701}.Release|Any CPU.Build.0 = Release|Any CPU
		{D02C9B1A-DA00-4778-9895-0E4DF0E96ECE}.Debug|Any CPU.ActiveCfg = Debug|Any CPU
		{D02C9B1A-DA00-4778-9895-0E4DF0E96ECE}.Debug|Any CPU.Build.0 = Debug|Any CPU
		{D02C9B1A-DA00-4778-9895-0E4DF0E96ECE}.Release|Any CPU.ActiveCfg = Release|Any CPU
		{D02C9B1A-DA00-4778-9895-0E4DF0E96ECE}.Release|Any CPU.Build.0 = Release|Any CPU
		{F69CD7AF-6F81-43CE-B564-113C56B341EB}.Debug|Any CPU.ActiveCfg = Debug|Any CPU
		{F69CD7AF-6F81-43CE-B564-113C56B341EB}.Debug|Any CPU.Build.0 = Debug|Any CPU
		{F69CD7AF-6F81-43CE-B564-113C56B341EB}.Release|Any CPU.ActiveCfg = Release|Any CPU
		{F69CD7AF-6F81-43CE-B564-113C56B341EB}.Release|Any CPU.Build.0 = Release|Any CPU
	EndGlobalSection
	GlobalSection(SolutionProperties) = preSolution
		HideSolutionNode = FALSE
	EndGlobalSection
	GlobalSection(NestedProjects) = preSolution
		{ABF3ADD7-8E08-4F4E-872F-BFDE6DA8E10C} = {6E12E0D6-F2B5-4971-84FA-DA2D46F33CEC}
		{69CBBC8B-19C6-4E70-8DB2-FC7AD6E94D96} = {08EACD8B-27E8-4F96-8D9F-6B839820C07F}
		{21B96CCC-33B0-4227-AC8E-74E4164EC701} = {6E12E0D6-F2B5-4971-84FA-DA2D46F33CEC}
		{D02C9B1A-DA00-4778-9895-0E4DF0E96ECE} = {6E12E0D6-F2B5-4971-84FA-DA2D46F33CEC}
		{F69CD7AF-6F81-43CE-B564-113C56B341EB} = {08EACD8B-27E8-4F96-8D9F-6B839820C07F}
	EndGlobalSection
	GlobalSection(ExtensibilityGlobals) = postSolution
		SolutionGuid = {C85977C8-BFA7-442F-9264-93A7BF54EE47}
	EndGlobalSection
EndGlobal
